
Microsoft Visual Studio Solution File, Format Version 12.00
# Visual Studio Version 17
VisualStudioVersion = 17.14.36301.6
MinimumVisualStudioVersion = 10.0.40219.1
Project("{2150E333-8FDC-42A3-9474-1A3956D46DE8}") = "Services", "Services", "{02EA681E-C7D8-13C7-8484-4AC65E1B71E8}"
EndProject
Project("{2150E333-8FDC-42A3-9474-1A3956D46DE8}") = "Catalog", "Catalog", "{7A765A75-A941-45E2-8DCE-5D07C6209DAD}"
EndProject
Project("{FAE04EC0-301F-11D3-BF4B-00C04F79EFBC}") = "Catalog.API", "Services\Catalog\Catalog.API\Catalog.API.csproj", "{1A167959-64BE-4DEA-89AE-E926CB761686}"
EndProject
Project("{2150E333-8FDC-42A3-9474-1A3956D46DE8}") = "BuildingBlocks", "BuildingBlocks", "{DBC06B0A-D038-439B-9925-AF8155E53E70}"
EndProject
Project("{FAE04EC0-301F-11D3-BF4B-00C04F79EFBC}") = "BuildingBlocks", "BuildingBlocks\BuildingBlocks\BuildingBlocks.csproj", "{994D335F-ECF6-42C3-B084-DEA91881B725}"
EndProject
Project("{E53339B2-1760-4266-BCC7-CA923CBCF16C}") = "docker-compose", "docker-compose.dcproj", "{81DDED9D-158B-E303-5F62-77A2896D2A5A}"
EndProject
Project("{2150E333-8FDC-42A3-9474-1A3956D46DE8}") = "Basket", "Basket", "{3280C2C0-8BB4-4E13-9C5E-5B2ECEB9636B}"
EndProject
Project("{FAE04EC0-301F-11D3-BF4B-00C04F79EFBC}") = "Basket.API", "Services\Basket\Basket.API\Basket.API.csproj", "{94B032CD-28AB-48E0-804E-B00277634B3F}"
EndProject
Project("{2150E333-8FDC-42A3-9474-1A3956D46DE8}") = "Discount", "Discount", "{38FE6CED-2B53-4A3E-AF93-96A7D3B9CD6D}"
EndProject
Project("{FAE04EC0-301F-11D3-BF4B-00C04F79EFBC}") = "Discount.Grpc", "Services\Discount\Discount.Grpc\Discount.Grpc.csproj", "{2C0AEC2A-8F7F-48CD-9E03-5AC54ED0A4B5}"
EndProject
Project("{2150E333-8FDC-42A3-9474-1A3956D46DE8}") = "Ordering", "Ordering", "{A97C5C63-66B0-4B4E-AC01-530E364804AD}"
EndProject
Project("{FAE04EC0-301F-11D3-BF4B-00C04F79EFBC}") = "Ordering.API", "Services\Ordering\Ordering.API\Ordering.API.csproj", "{EA149EF9-E975-4ED3-9AD8-79A3527B877C}"
EndProject
Project("{FAE04EC0-301F-11D3-BF4B-00C04F79EFBC}") = "Ordering.Domain", "Services\Ordering\Ordering.Domain\Ordering.Domain.csproj", "{943F05EE-5BD5-4436-823D-686442B54948}"
EndProject
Project("{FAE04EC0-301F-11D3-BF4B-00C04F79EFBC}") = "Ordering.Application", "Services\Ordering\Ordering.Application\Ordering.Application.csproj", "{8F3BA5EE-EE6B-49C5-AA35-9B6CD8EA5D47}"
EndProject
Project("{FAE04EC0-301F-11D3-BF4B-00C04F79EFBC}") = "Ordering.Infrastructure", "Services\Ordering\Ordering.Infrastructure\Ordering.Infrastructure.csproj", "{FADF8193-27B2-4CE0-A216-0586EF9A1101}"
EndProject
Global
	GlobalSection(SolutionConfigurationPlatforms) = preSolution
		Debug|Any CPU = Debug|Any CPU
		Release|Any CPU = Release|Any CPU
	EndGlobalSection
	GlobalSection(ProjectConfigurationPlatforms) = postSolution
		{1A167959-64BE-4DEA-89AE-E926CB761686}.Debug|Any CPU.ActiveCfg = Debug|Any CPU
		{1A167959-64BE-4DEA-89AE-E926CB761686}.Debug|Any CPU.Build.0 = Debug|Any CPU
		{1A167959-64BE-4DEA-89AE-E926CB761686}.Release|Any CPU.ActiveCfg = Release|Any CPU
		{1A167959-64BE-4DEA-89AE-E926CB761686}.Release|Any CPU.Build.0 = Release|Any CPU
		{994D335F-ECF6-42C3-B084-DEA91881B725}.Debug|Any CPU.ActiveCfg = Debug|Any CPU
		{994D335F-ECF6-42C3-B084-DEA91881B725}.Debug|Any CPU.Build.0 = Debug|Any CPU
		{994D335F-ECF6-42C3-B084-DEA91881B725}.Release|Any CPU.ActiveCfg = Release|Any CPU
		{994D335F-ECF6-42C3-B084-DEA91881B725}.Release|Any CPU.Build.0 = Release|Any CPU
		{81DDED9D-158B-E303-5F62-77A2896D2A5A}.Debug|Any CPU.ActiveCfg = Debug|Any CPU
		{81DDED9D-158B-E303-5F62-77A2896D2A5A}.Debug|Any CPU.Build.0 = Debug|Any CPU
		{81DDED9D-158B-E303-5F62-77A2896D2A5A}.Release|Any CPU.ActiveCfg = Release|Any CPU
		{81DDED9D-158B-E303-5F62-77A2896D2A5A}.Release|Any CPU.Build.0 = Release|Any CPU
		{94B032CD-28AB-48E0-804E-B00277634B3F}.Debug|Any CPU.ActiveCfg = Debug|Any CPU
		{94B032CD-28AB-48E0-804E-B00277634B3F}.Debug|Any CPU.Build.0 = Debug|Any CPU
		{94B032CD-28AB-48E0-804E-B00277634B3F}.Release|Any CPU.ActiveCfg = Release|Any CPU
		{94B032CD-28AB-48E0-804E-B00277634B3F}.Release|Any CPU.Build.0 = Release|Any CPU
		{2C0AEC2A-8F7F-48CD-9E03-5AC54ED0A4B5}.Debug|Any CPU.ActiveCfg = Debug|Any CPU
		{2C0AEC2A-8F7F-48CD-9E03-5AC54ED0A4B5}.Debug|Any CPU.Build.0 = Debug|Any CPU
		{2C0AEC2A-8F7F-48CD-9E03-5AC54ED0A4B5}.Release|Any CPU.ActiveCfg = Release|Any CPU
		{2C0AEC2A-8F7F-48CD-9E03-5AC54ED0A4B5}.Release|Any CPU.Build.0 = Release|Any CPU
		{EA149EF9-E975-4ED3-9AD8-79A3527B877C}.Debug|Any CPU.ActiveCfg = Debug|Any CPU
		{EA149EF9-E975-4ED3-9AD8-79A3527B877C}.Debug|Any CPU.Build.0 = Debug|Any CPU
		{EA149EF9-E975-4ED3-9AD8-79A3527B877C}.Release|Any CPU.ActiveCfg = Release|Any CPU
		{EA149EF9-E975-4ED3-9AD8-79A3527B877C}.Release|Any CPU.Build.0 = Release|Any CPU
		{943F05EE-5BD5-4436-823D-686442B54948}.Debug|Any CPU.ActiveCfg = Debug|Any CPU
		{943F05EE-5BD5-4436-823D-686442B54948}.Debug|Any CPU.Build.0 = Debug|Any CPU
		{943F05EE-5BD5-4436-823D-686442B54948}.Release|Any CPU.ActiveCfg = Release|Any CPU
		{943F05EE-5BD5-4436-823D-686442B54948}.Release|Any CPU.Build.0 = Release|Any CPU
		{8F3BA5EE-EE6B-49C5-AA35-9B6CD8EA5D47}.Debug|Any CPU.ActiveCfg = Debug|Any CPU
		{8F3BA5EE-EE6B-49C5-AA35-9B6CD8EA5D47}.Debug|Any CPU.Build.0 = Debug|Any CPU
		{8F3BA5EE-EE6B-49C5-AA35-9B6CD8EA5D47}.Release|Any CPU.ActiveCfg = Release|Any CPU
		{8F3BA5EE-EE6B-49C5-AA35-9B6CD8EA5D47}.Release|Any CPU.Build.0 = Release|Any CPU
		{FADF8193-27B2-4CE0-A216-0586EF9A1101}.Debug|Any CPU.ActiveCfg = Debug|Any CPU
		{FADF8193-27B2-4CE0-A216-0586EF9A1101}.Debug|Any CPU.Build.0 = Debug|Any CPU
		{FADF8193-27B2-4CE0-A216-0586EF9A1101}.Release|Any CPU.ActiveCfg = Release|Any CPU
		{FADF8193-27B2-4CE0-A216-0586EF9A1101}.Release|Any CPU.Build.0 = Release|Any CPU
	EndGlobalSection
	GlobalSection(SolutionProperties) = preSolution
		HideSolutionNode = FALSE
	EndGlobalSection
	GlobalSection(NestedProjects) = preSolution
		{7A765A75-A941-45E2-8DCE-5D07C6209DAD} = {02EA681E-C7D8-13C7-8484-4AC65E1B71E8}
		{1A167959-64BE-4DEA-89AE-E926CB761686} = {7A765A75-A941-45E2-8DCE-5D07C6209DAD}
		{994D335F-ECF6-42C3-B084-DEA91881B725} = {DBC06B0A-D038-439B-9925-AF8155E53E70}
		{3280C2C0-8BB4-4E13-9C5E-5B2ECEB9636B} = {02EA681E-C7D8-13C7-8484-4AC65E1B71E8}
		{94B032CD-28AB-48E0-804E-B00277634B3F} = {3280C2C0-8BB4-4E13-9C5E-5B2ECEB9636B}
		{38FE6CED-2B53-4A3E-AF93-96A7D3B9CD6D} = {02EA681E-C7D8-13C7-8484-4AC65E1B71E8}
		{2C0AEC2A-8F7F-48CD-9E03-5AC54ED0A4B5} = {38FE6CED-2B53-4A3E-AF93-96A7D3B9CD6D}
		{A97C5C63-66B0-4B4E-AC01-530E364804AD} = {02EA681E-C7D8-13C7-8484-4AC65E1B71E8}
		{EA149EF9-E975-4ED3-9AD8-79A3527B877C} = {A97C5C63-66B0-4B4E-AC01-530E364804AD}
		{943F05EE-5BD5-4436-823D-686442B54948} = {A97C5C63-66B0-4B4E-AC01-530E364804AD}
		{8F3BA5EE-EE6B-49C5-AA35-9B6CD8EA5D47} = {A97C5C63-66B0-4B4E-AC01-530E364804AD}
		{FADF8193-27B2-4CE0-A216-0586EF9A1101} = {A97C5C63-66B0-4B4E-AC01-530E364804AD}
	EndGlobalSection
	GlobalSection(ExtensibilityGlobals) = postSolution
		SolutionGuid = {7B224182-DB6F-43A7-8B32-140D908A79AB}
	EndGlobalSection
EndGlobal
